
Microsoft Visual Studio Solution File, Format Version 12.00
# Visual Studio Version 16
VisualStudioVersion = 16.0.30128.74
MinimumVisualStudioVersion = 10.0.40219.1
Project("{FAE04EC0-301F-11D3-BF4B-00C04F79EFBC}") = "Gradebook", "Gradebook\Gradebook.csproj", "{3E3A6619-D35D-4101-B059-DDA77CDE9AA4}"
EndProject
Project("{FAE04EC0-301F-11D3-BF4B-00C04F79EFBC}") = "Gradebook.Tests", "Gradebook.Tests\Gradebook.Tests.csproj", "{28BED6F1-F8A3-4651-8429-9F9F67422CB5}"
EndProject
Global
	GlobalSection(SolutionConfigurationPlatforms) = preSolution
		Debug|Any CPU = Debug|Any CPU
		Release|Any CPU = Release|Any CPU
	EndGlobalSection
	GlobalSection(ProjectConfigurationPlatforms) = postSolution
		{3E3A6619-D35D-4101-B059-DDA77CDE9AA4}.Debug|Any CPU.ActiveCfg = Debug|Any CPU
		{3E3A6619-D35D-4101-B059-DDA77CDE9AA4}.Debug|Any CPU.Build.0 = Debug|Any CPU
		{3E3A6619-D35D-4101-B059-DDA77CDE9AA4}.Release|Any CPU.ActiveCfg = Release|Any CPU
		{3E3A6619-D35D-4101-B059-DDA77CDE9AA4}.Release|Any CPU.Build.0 = Release|Any CPU
		{28BED6F1-F8A3-4651-8429-9F9F67422CB5}.Debug|Any CPU.ActiveCfg = Debug|Any CPU
		{28BED6F1-F8A3-4651-8429-9F9F67422CB5}.Debug|Any CPU.Build.0 = Debug|Any CPU
		{28BED6F1-F8A3-4651-8429-9F9F67422CB5}.Release|Any CPU.ActiveCfg = Release|Any CPU
		{28BED6F1-F8A3-4651-8429-9F9F67422CB5}.Release|Any CPU.Build.0 = Release|Any CPU
	EndGlobalSection
	GlobalSection(SolutionProperties) = preSolution
		HideSolutionNode = FALSE
	EndGlobalSection
	GlobalSection(ExtensibilityGlobals) = postSolution
		SolutionGuid = {B1216122-5AB7-4CC1-8384-C02EC82FA0AA}
	EndGlobalSection
EndGlobal
